// !$*UTF8*$!
{
	archiveVersion = 1;
	classes = {
	};
	objectVersion = 77;
	objects = {

/* Begin PBXContainerItemProxy section */
		39024F432E4E11BF00BA3E1D /* PBXContainerItemProxy */ = {
			isa = PBXContainerItemProxy;
			containerPortal = 39024F2D2E4E11BD00BA3E1D /* Project object */;
			proxyType = 1;
			remoteGlobalIDString = 39024F342E4E11BD00BA3E1D;
			remoteInfo = BookBite;
		};
		39024F4D2E4E11BF00BA3E1D /* PBXContainerItemProxy */ = {
			isa = PBXContainerItemProxy;
			containerPortal = 39024F2D2E4E11BD00BA3E1D /* Project object */;
			proxyType = 1;
			remoteGlobalIDString = 39024F342E4E11BD00BA3E1D;
			remoteInfo = BookBite;
		};
/* End PBXContainerItemProxy section */

/* Begin PBXFileReference section */
		39024F352E4E11BD00BA3E1D /* BookBite.app */ = {isa = PBXFileReference; explicitFileType = wrapper.application; includeInIndex = 0; path = BookBite.app; sourceTree = BUILT_PRODUCTS_DIR; };
		39024F422E4E11BF00BA3E1D /* BookBiteTests.xctest */ = {isa = PBXFileReference; explicitFileType = wrapper.cfbundle; includeInIndex = 0; path = BookBiteTests.xctest; sourceTree = BUILT_PRODUCTS_DIR; };
		39024F4C2E4E11BF00BA3E1D /* BookBiteUITests.xctest */ = {isa = PBXFileReference; explicitFileType = wrapper.cfbundle; includeInIndex = 0; path = BookBiteUITests.xctest; sourceTree = BUILT_PRODUCTS_DIR; };
/* End PBXFileReference section */

/* Begin PBXFileSystemSynchronizedRootGroup section */
		39024F372E4E11BD00BA3E1D /* BookBite */ = {
			isa = PBXFileSystemSynchronizedRootGroup;
			path = BookBite;
			sourceTree = "<group>";
		};
		39024F452E4E11BF00BA3E1D /* BookBiteTests */ = {
			isa = PBXFileSystemSynchronizedRootGroup;
			path = BookBiteTests;
			sourceTree = "<group>";
		};
		39024F4F2E4E11BF00BA3E1D /* BookBiteUITests */ = {
			isa = PBXFileSystemSynchronizedRootGroup;
			path = BookBiteUITests;
			sourceTree = "<group>";
		};
/* End PBXFileSystemSynchronizedRootGroup section */

/* Begin PBXFrameworksBuildPhase section */
		39024F322E4E11BD00BA3E1D /* Frameworks */ = {
			isa = PBXFrameworksBuildPhase;
			buildActionMask = 2147483647;
			files = (
			);
			runOnlyForDeploymentPostprocessing = 0;
		};
		39024F3F2E4E11BF00BA3E1D /* Frameworks */ = {
			isa = PBXFrameworksBuildPhase;
			buildActionMask = 2147483647;
			files = (
			);
			runOnlyForDeploymentPostprocessing = 0;
		};
		39024F492E4E11BF00BA3E1D /* Frameworks */ = {
			isa = PBXFrameworksBuildPhase;
			buildActionMask = 2147483647;
			files = (
			);
			runOnlyForDeploymentPostprocessing = 0;
		};
/* End PBXFrameworksBuildPhase section */

/* Begin PBXGroup section */
		39024F2C2E4E11BD00BA3E1D = {
			isa = PBXGroup;
			children = (
				39024F372E4E11BD00BA3E1D /* BookBite */,
				39024F452E4E11BF00BA3E1D /* BookBiteTests */,
				39024F4F2E4E11BF00BA3E1D /* BookBiteUITests */,
				39024F362E4E11BD00BA3E1D /* Products */,
			);
			sourceTree = "<group>";
		};
		39024F362E4E11BD00BA3E1D /* Products */ = {
			isa = PBXGroup;
			children = (
				39024F352E4E11BD00BA3E1D /* BookBite.app */,
				39024F422E4E11BF00BA3E1D /* BookBiteTests.xctest */,
				39024F4C2E4E11BF00BA3E1D /* BookBiteUITests.xctest */,
			);
			name = Products;
			sourceTree = "<group>";
		};
/* End PBXGroup section */

/* Begin PBXNativeTarget section */
		39024F342E4E11BD00BA3E1D /* BookBite */ = {
			isa = PBXNativeTarget;
			buildConfigurationList = 39024F562E4E11BF00BA3E1D /* Build configuration list for PBXNativeTarget "BookBite" */;
			buildPhases = (
				39024F312E4E11BD00BA3E1D /* Sources */,
				39024F322E4E11BD00BA3E1D /* Frameworks */,
				39024F332E4E11BD00BA3E1D /* Resources */,
			);
			buildRules = (
			);
			dependencies = (
			);
			fileSystemSynchronizedGroups = (
				39024F372E4E11BD00BA3E1D /* BookBite */,
			);
			name = BookBite;
			packageProductDependencies = (
			);
			productName = BookBite;
			productReference = 39024F352E4E11BD00BA3E1D /* BookBite.app */;
			productType = "com.apple.product-type.application";
		};
		39024F412E4E11BF00BA3E1D /* BookBiteTests */ = {
			isa = PBXNativeTarget;
			buildConfigurationList = 39024F592E4E11BF00BA3E1D /* Build configuration list for PBXNativeTarget "BookBiteTests" */;
			buildPhases = (
				39024F3E2E4E11BF00BA3E1D /* Sources */,
				39024F3F2E4E11BF00BA3E1D /* Frameworks */,
				39024F402E4E11BF00BA3E1D /* Resources */,
			);
			buildRules = (
			);
			dependencies = (
				39024F442E4E11BF00BA3E1D /* PBXTargetDependency */,
			);
			fileSystemSynchronizedGroups = (
				39024F452E4E11BF00BA3E1D /* BookBiteTests */,
			);
			name = BookBiteTests;
			packageProductDependencies = (
			);
			productName = BookBiteTests;
			productReference = 39024F422E4E11BF00BA3E1D /* BookBiteTests.xctest */;
			productType = "com.apple.product-type.bundle.unit-test";
		};
		39024F4B2E4E11BF00BA3E1D /* BookBiteUITests */ = {
			isa = PBXNativeTarget;
			buildConfigurationList = 39024F5C2E4E11BF00BA3E1D /* Build configuration list for PBXNativeTarget "BookBiteUITests" */;
			buildPhases = (
				39024F482E4E11BF00BA3E1D /* Sources */,
				39024F492E4E11BF00BA3E1D /* Frameworks */,
				39024F4A2E4E11BF00BA3E1D /* Resources */,
			);
			buildRules = (
			);
			dependencies = (
				39024F4E2E4E11BF00BA3E1D /* PBXTargetDependency */,
			);
			fileSystemSynchronizedGroups = (
				39024F4F2E4E11BF00BA3E1D /* BookBiteUITests */,
			);
			name = BookBiteUITests;
			packageProductDependencies = (
			);
			productName = BookBiteUITests;
			productReference = 39024F4C2E4E11BF00BA3E1D /* BookBiteUITests.xctest */;
			productType = "com.apple.product-type.bundle.ui-testing";
		};
/* End PBXNativeTarget section */

/* Begin PBXProject section */
		39024F2D2E4E11BD00BA3E1D /* Project object */ = {
			isa = PBXProject;
			attributes = {
				BuildIndependentTargetsInParallel = 1;
				LastSwiftUpdateCheck = 1640;
				LastUpgradeCheck = 1640;
				TargetAttributes = {
					39024F342E4E11BD00BA3E1D = {
						CreatedOnToolsVersion = 16.4;
					};
					39024F412E4E11BF00BA3E1D = {
						CreatedOnToolsVersion = 16.4;
						TestTargetID = 39024F342E4E11BD00BA3E1D;
					};
					39024F4B2E4E11BF00BA3E1D = {
						CreatedOnToolsVersion = 16.4;
						TestTargetID = 39024F342E4E11BD00BA3E1D;
					};
				};
			};
			buildConfigurationList = 39024F302E4E11BD00BA3E1D /* Build configuration list for PBXProject "BookBite" */;
			developmentRegion = en;
			hasScannedForEncodings = 0;
			knownRegions = (
				en,
				Base,
			);
			mainGroup = 39024F2C2E4E11BD00BA3E1D;
			minimizedProjectReferenceProxies = 1;
			preferredProjectObjectVersion = 77;
			productRefGroup = 39024F362E4E11BD00BA3E1D /* Products */;
			projectDirPath = "";
			projectRoot = "";
			targets = (
				39024F342E4E11BD00BA3E1D /* BookBite */,
				39024F412E4E11BF00BA3E1D /* BookBiteTests */,
				39024F4B2E4E11BF00BA3E1D /* BookBiteUITests */,
			);
		};
/* End PBXProject section */

/* Begin PBXResourcesBuildPhase section */
		39024F332E4E11BD00BA3E1D /* Resources */ = {
			isa = PBXResourcesBuildPhase;
			buildActionMask = 2147483647;
			files = (
			);
			runOnlyForDeploymentPostprocessing = 0;
		};
		39024F402E4E11BF00BA3E1D /* Resources */ = {
			isa = PBXResourcesBuildPhase;
			buildActionMask = 2147483647;
			files = (
			);
			runOnlyForDeploymentPostprocessing = 0;
		};
		39024F4A2E4E11BF00BA3E1D /* Resources */ = {
			isa = PBXResourcesBuildPhase;
			buildActionMask = 2147483647;
			files = (
			);
			runOnlyForDeploymentPostprocessing = 0;
		};
/* End PBXResourcesBuildPhase section */

/* Begin PBXSourcesBuildPhase section */
		39024F312E4E11BD00BA3E1D /* Sources */ = {
			isa = PBXSourcesBuildPhase;
			buildActionMask = 2147483647;
			files = (
			);
			runOnlyForDeploymentPostprocessing = 0;
		};
		39024F3E2E4E11BF00BA3E1D /* Sources */ = {
			isa = PBXSourcesBuildPhase;
			buildActionMask = 2147483647;
			files = (
			);
			runOnlyForDeploymentPostprocessing = 0;
		};
		39024F482E4E11BF00BA3E1D /* Sources */ = {
			isa = PBXSourcesBuildPhase;
			buildActionMask = 2147483647;
			files = (
			);
			runOnlyForDeploymentPostprocessing = 0;
		};
/* End PBXSourcesBuildPhase section */

/* Begin PBXTargetDependency section */
		39024F442E4E11BF00BA3E1D /* PBXTargetDependency */ = {
			isa = PBXTargetDependency;
			target = 39024F342E4E11BD00BA3E1D /* BookBite */;
			targetProxy = 39024F432E4E11BF00BA3E1D /* PBXContainerItemProxy */;
		};
		39024F4E2E4E11BF00BA3E1D /* PBXTargetDependency */ = {
			isa = PBXTargetDependency;
			target = 39024F342E4E11BD00BA3E1D /* BookBite */;
			targetProxy = 39024F4D2E4E11BF00BA3E1D /* PBXContainerItemProxy */;
		};
/* End PBXTargetDependency section */

/* Begin XCBuildConfiguration section */
		39024F542E4E11BF00BA3E1D /* Debug */ = {
			isa = XCBuildConfiguration;
			buildSettings = {
				ALWAYS_SEARCH_USER_PATHS = NO;
				ASSETCATALOG_COMPILER_GENERATE_SWIFT_ASSET_SYMBOL_EXTENSIONS = YES;
				CLANG_ANALYZER_NONNULL = YES;
				CLANG_ANALYZER_NUMBER_OBJECT_CONVERSION = YES_AGGRESSIVE;
				CLANG_CXX_LANGUAGE_STANDARD = "gnu++20";
				CLANG_ENABLE_MODULES = YES;
				CLANG_ENABLE_OBJC_ARC = YES;
				CLANG_ENABLE_OBJC_WEAK = YES;
				CLANG_WARN_BLOCK_CAPTURE_AUTORELEASING = YES;
				CLANG_WARN_BOOL_CONVERSION = YES;
				CLANG_WARN_COMMA = YES;
				CLANG_WARN_CONSTANT_CONVERSION = YES;
				CLANG_WARN_DEPRECATED_OBJC_IMPLEMENTATIONS = YES;
				CLANG_WARN_DIRECT_OBJC_ISA_USAGE = YES_ERROR;
				CLANG_WARN_DOCUMENTATION_COMMENTS = YES;
				CLANG_WARN_EMPTY_BODY = YES;
				CLANG_WARN_ENUM_CONVERSION = YES;
				CLANG_WARN_INFINITE_RECURSION = YES;
				CLANG_WARN_INT_CONVERSION = YES;
				CLANG_WARN_NON_LITERAL_NULL_CONVERSION = YES;
				CLANG_WARN_OBJC_IMPLICIT_RETAIN_SELF = YES;
				CLANG_WARN_OBJC_LITERAL_CONVERSION = YES;
				CLANG_WARN_OBJC_ROOT_CLASS = YES_ERROR;
				CLANG_WARN_QUOTED_INCLUDE_IN_FRAMEWORK_HEADER = YES;
				CLANG_WARN_RANGE_LOOP_ANALYSIS = YES;
				CLANG_WARN_STRICT_PROTOTYPES = YES;
				CLANG_WARN_SUSPICIOUS_MOVE = YES;
				CLANG_WARN_UNGUARDED_AVAILABILITY = YES_AGGRESSIVE;
				CLANG_WARN_UNREACHABLE_CODE = YES;
				CLANG_WARN__DUPLICATE_METHOD_MATCH = YES;
				COPY_PHASE_STRIP = NO;
				DEBUG_INFORMATION_FORMAT = dwarf;
				ENABLE_STRICT_OBJC_MSGSEND = YES;
				ENABLE_TESTABILITY = YES;
				ENABLE_USER_SCRIPT_SANDBOXING = YES;
				GCC_C_LANGUAGE_STANDARD = gnu17;
				GCC_DYNAMIC_NO_PIC = NO;
				GCC_NO_COMMON_BLOCKS = YES;
				GCC_OPTIMIZATION_LEVEL = 0;
				GCC_PREPROCESSOR_DEFINITIONS = (
					"DEBUG=1",
					"$(inherited)",
				);
				GCC_WARN_64_TO_32_BIT_CONVERSION = YES;
				GCC_WARN_ABOUT_RETURN_TYPE = YES_ERROR;
				GCC_WARN_UNDECLARED_SELECTOR = YES;
				GCC_WARN_UNINITIALIZED_AUTOS = YES_AGGRESSIVE;
				GCC_WARN_UNUSED_FUNCTION = YES;
				GCC_WARN_UNUSED_VARIABLE = YES;
				IPHONEOS_DEPLOYMENT_TARGET = 18.5;
				LOCALIZATION_PREFERS_STRING_CATALOGS = YES;
				MTL_ENABLE_DEBUG_INFO = INCLUDE_SOURCE;
				MTL_FAST_MATH = YES;
				ONLY_ACTIVE_ARCH = YES;
				SDKROOT = iphoneos;
				SWIFT_ACTIVE_COMPILATION_CONDITIONS = "DEBUG $(inherited)";
				SWIFT_OPTIMIZATION_LEVEL = "-Onone";
			};
			name = Debug;
		};
		39024F552E4E11BF00BA3E1D /* Release */ = {
			isa = XCBuildConfiguration;
			buildSettings = {
				ALWAYS_SEARCH_USER_PATHS = NO;
				ASSETCATALOG_COMPILER_GENERATE_SWIFT_ASSET_SYMBOL_EXTENSIONS = YES;
				CLANG_ANALYZER_NONNULL = YES;
				CLANG_ANALYZER_NUMBER_OBJECT_CONVERSION = YES_AGGRESSIVE;
				CLANG_CXX_LANGUAGE_STANDARD = "gnu++20";
				CLANG_ENABLE_MODULES = YES;
				CLANG_ENABLE_OBJC_ARC = YES;
				CLANG_ENABLE_OBJC_WEAK = YES;
				CLANG_WARN_BLOCK_CAPTURE_AUTORELEASING = YES;
				CLANG_WARN_BOOL_CONVERSION = YES;
				CLANG_WARN_COMMA = YES;
				CLANG_WARN_CONSTANT_CONVERSION = YES;
				CLANG_WARN_DEPRECATED_OBJC_IMPLEMENTATIONS = YES;
				CLANG_WARN_DIRECT_OBJC_ISA_USAGE = YES_ERROR;
				CLANG_WARN_DOCUMENTATION_COMMENTS = YES;
				CLANG_WARN_EMPTY_BODY = YES;
				CLANG_WARN_ENUM_CONVERSION = YES;
				CLANG_WARN_INFINITE_RECURSION = YES;
				CLANG_WARN_INT_CONVERSION = YES;
				CLANG_WARN_NON_LITERAL_NULL_CONVERSION = YES;
				CLANG_WARN_OBJC_IMPLICIT_RETAIN_SELF = YES;
				CLANG_WARN_OBJC_LITERAL_CONVERSION = YES;
				CLANG_WARN_OBJC_ROOT_CLASS = YES_ERROR;
				CLANG_WARN_QUOTED_INCLUDE_IN_FRAMEWORK_HEADER = YES;
				CLANG_WARN_RANGE_LOOP_ANALYSIS = YES;
				CLANG_WARN_STRICT_PROTOTYPES = YES;
				CLANG_WARN_SUSPICIOUS_MOVE = YES;
				CLANG_WARN_UNGUARDED_AVAILABILITY = YES_AGGRESSIVE;
				CLANG_WARN_UNREACHABLE_CODE = YES;
				CLANG_WARN__DUPLICATE_METHOD_MATCH = YES;
				COPY_PHASE_STRIP = NO;
				DEBUG_INFORMATION_FORMAT = "dwarf-with-dsym";
				ENABLE_NS_ASSERTIONS = NO;
				ENABLE_STRICT_OBJC_MSGSEND = YES;
				ENABLE_USER_SCRIPT_SANDBOXING = YES;
				GCC_C_LANGUAGE_STANDARD = gnu17;
				GCC_NO_COMMON_BLOCKS = YES;
				GCC_WARN_64_TO_32_BIT_CONVERSION = YES;
				GCC_WARN_ABOUT_RETURN_TYPE = YES_ERROR;
				GCC_WARN_UNDECLARED_SELECTOR = YES;
				GCC_WARN_UNINITIALIZED_AUTOS = YES_AGGRESSIVE;
				GCC_WARN_UNUSED_FUNCTION = YES;
				GCC_WARN_UNUSED_VARIABLE = YES;
				IPHONEOS_DEPLOYMENT_TARGET = 18.5;
				LOCALIZATION_PREFERS_STRING_CATALOGS = YES;
				MTL_ENABLE_DEBUG_INFO = NO;
				MTL_FAST_MATH = YES;
				SDKROOT = iphoneos;
				SWIFT_COMPILATION_MODE = wholemodule;
				VALIDATE_PRODUCT = YES;
			};
			name = Release;
		};
		39024F572E4E11BF00BA3E1D /* Debug */ = {
			isa = XCBuildConfiguration;
			buildSettings = {
				ASSETCATALOG_COMPILER_APPICON_NAME = AppIcon;
				ASSETCATALOG_COMPILER_GLOBAL_ACCENT_COLOR_NAME = AccentColor;
				CODE_SIGN_STYLE = Automatic;
				CURRENT_PROJECT_VERSION = 1;
				ENABLE_PREVIEWS = YES;
				GENERATE_INFOPLIST_FILE = YES;
				INFOPLIST_KEY_UIApplicationSceneManifest_Generation = YES;
				INFOPLIST_KEY_UIApplicationSupportsIndirectInputEvents = YES;
				INFOPLIST_KEY_UILaunchScreen_Generation = YES;
				INFOPLIST_KEY_UISupportedInterfaceOrientations_iPad = "UIInterfaceOrientationPortrait UIInterfaceOrientationPortraitUpsideDown UIInterfaceOrientationLandscapeLeft UIInterfaceOrientationLandscapeRight";
				INFOPLIST_KEY_UISupportedInterfaceOrientations_iPhone = "UIInterfaceOrientationPortrait UIInterfaceOrientationLandscapeLeft UIInterfaceOrientationLandscapeRight";
				LD_RUNPATH_SEARCH_PATHS = (
					"$(inherited)",
					"@executable_path/Frameworks",
				);
				MARKETING_VERSION = 1.0;
				PRODUCT_BUNDLE_IDENTIFIER = tilo.BookBite;
				PRODUCT_NAME = "$(TARGET_NAME)";
				SWIFT_EMIT_LOC_STRINGS = YES;
				SWIFT_VERSION = 5.0;
				TARGETED_DEVICE_FAMILY = "1,2";
			};
			name = Debug;
		};
		39024F582E4E11BF00BA3E1D /* Release */ = {
			isa = XCBuildConfiguration;
			buildSettings = {
				ASSETCATALOG_COMPILER_APPICON_NAME = AppIcon;
				ASSETCATALOG_COMPILER_GLOBAL_ACCENT_COLOR_NAME = AccentColor;
				CODE_SIGN_STYLE = Automatic;
				CURRENT_PROJECT_VERSION = 1;
				ENABLE_PREVIEWS = YES;
				GENERATE_INFOPLIST_FILE = YES;
				INFOPLIST_KEY_UIApplicationSceneManifest_Generation = YES;
				INFOPLIST_KEY_UIApplicationSupportsIndirectInputEvents = YES;
				INFOPLIST_KEY_UILaunchScreen_Generation = YES;
				INFOPLIST_KEY_UISupportedInterfaceOrientations_iPad = "UIInterfaceOrientationPortrait UIInterfaceOrientationPortraitUpsideDown UIInterfaceOrientationLandscapeLeft UIInterfaceOrientationLandscapeRight";
				INFOPLIST_KEY_UISupportedInterfaceOrientations_iPhone = "UIInterfaceOrientationPortrait UIInterfaceOrientationLandscapeLeft UIInterfaceOrientationLandscapeRight";
				LD_RUNPATH_SEARCH_PATHS = (
					"$(inherited)",
					"@executable_path/Frameworks",
				);
				MARKETING_VERSION = 1.0;
				PRODUCT_BUNDLE_IDENTIFIER = tilo.BookBite;
				PRODUCT_NAME = "$(TARGET_NAME)";
				SWIFT_EMIT_LOC_STRINGS = YES;
				SWIFT_VERSION = 5.0;
				TARGETED_DEVICE_FAMILY = "1,2";
			};
			name = Release;
		};
		39024F5A2E4E11BF00BA3E1D /* Debug */ = {
			isa = XCBuildConfiguration;
			buildSettings = {
				BUNDLE_LOADER = "$(TEST_HOST)";
				CODE_SIGN_STYLE = Automatic;
				CURRENT_PROJECT_VERSION = 1;
				GENERATE_INFOPLIST_FILE = YES;
				IPHONEOS_DEPLOYMENT_TARGET = 18.5;
				MARKETING_VERSION = 1.0;
				PRODUCT_BUNDLE_IDENTIFIER = tilo.BookBiteTests;
				PRODUCT_NAME = "$(TARGET_NAME)";
				SWIFT_EMIT_LOC_STRINGS = NO;
				SWIFT_VERSION = 5.0;
				TARGETED_DEVICE_FAMILY = "1,2";
				TEST_HOST = "$(BUILT_PRODUCTS_DIR)/BookBite.app/$(BUNDLE_EXECUTABLE_FOLDER_PATH)/BookBite";
			};
			name = Debug;
		};
		39024F5B2E4E11BF00BA3E1D /* Release */ = {
			isa = XCBuildConfiguration;
			buildSettings = {
				BUNDLE_LOADER = "$(TEST_HOST)";
				CODE_SIGN_STYLE = Automatic;
				CURRENT_PROJECT_VERSION = 1;
				GENERATE_INFOPLIST_FILE = YES;
				IPHONEOS_DEPLOYMENT_TARGET = 18.5;
				MARKETING_VERSION = 1.0;
				PRODUCT_BUNDLE_IDENTIFIER = tilo.BookBiteTests;
				PRODUCT_NAME = "$(TARGET_NAME)";
				SWIFT_EMIT_LOC_STRINGS = NO;
				SWIFT_VERSION = 5.0;
				TARGETED_DEVICE_FAMILY = "1,2";
				TEST_HOST = "$(BUILT_PRODUCTS_DIR)/BookBite.app/$(BUNDLE_EXECUTABLE_FOLDER_PATH)/BookBite";
			};
			name = Release;
		};
		39024F5D2E4E11BF00BA3E1D /* Debug */ = {
			isa = XCBuildConfiguration;
			buildSettings = {
				CODE_SIGN_STYLE = Automatic;
				CURRENT_PROJECT_VERSION = 1;
				GENERATE_INFOPLIST_FILE = YES;
				MARKETING_VERSION = 1.0;
				PRODUCT_BUNDLE_IDENTIFIER = tilo.BookBiteUITests;
				PRODUCT_NAME = "$(TARGET_NAME)";
				SWIFT_EMIT_LOC_STRINGS = NO;
				SWIFT_VERSION = 5.0;
				TARGETED_DEVICE_FAMILY = "1,2";
				TEST_TARGET_NAME = BookBite;
			};
			name = Debug;
		};
		39024F5E2E4E11BF00BA3E1D /* Release */ = {
			isa = XCBuildConfiguration;
			buildSettings = {
				CODE_SIGN_STYLE = Automatic;
				CURRENT_PROJECT_VERSION = 1;
				GENERATE_INFOPLIST_FILE = YES;
				MARKETING_VERSION = 1.0;
				PRODUCT_BUNDLE_IDENTIFIER = tilo.BookBiteUITests;
				PRODUCT_NAME = "$(TARGET_NAME)";
				SWIFT_EMIT_LOC_STRINGS = NO;
				SWIFT_VERSION = 5.0;
				TARGETED_DEVICE_FAMILY = "1,2";
				TEST_TARGET_NAME = BookBite;
			};
			name = Release;
		};
/* End XCBuildConfiguration section */

/* Begin XCConfigurationList section */
		39024F302E4E11BD00BA3E1D /* Build configuration list for PBXProject "BookBite" */ = {
			isa = XCConfigurationList;
			buildConfigurations = (
				39024F542E4E11BF00BA3E1D /* Debug */,
				39024F552E4E11BF00BA3E1D /* Release */,
			);
			defaultConfigurationIsVisible = 0;
			defaultConfigurationName = Release;
		};
		39024F562E4E11BF00BA3E1D /* Build configuration list for PBXNativeTarget "BookBite" */ = {
			isa = XCConfigurationList;
			buildConfigurations = (
				39024F572E4E11BF00BA3E1D /* Debug */,
				39024F582E4E11BF00BA3E1D /* Release */,
			);
			defaultConfigurationIsVisible = 0;
			defaultConfigurationName = Release;
		};
		39024F592E4E11BF00BA3E1D /* Build configuration list for PBXNativeTarget "BookBiteTests" */ = {
			isa = XCConfigurationList;
			buildConfigurations = (
				39024F5A2E4E11BF00BA3E1D /* Debug */,
				39024F5B2E4E11BF00BA3E1D /* Release */,
			);
			defaultConfigurationIsVisible = 0;
			defaultConfigurationName = Release;
		};
		39024F5C2E4E11BF00BA3E1D /* Build configuration list for PBXNativeTarget "BookBiteUITests" */ = {
			isa = XCConfigurationList;
			buildConfigurations = (
				39024F5D2E4E11BF00BA3E1D /* Debug */,
				39024F5E2E4E11BF00BA3E1D /* Release */,
			);
			defaultConfigurationIsVisible = 0;
			defaultConfigurationName = Release;
		};
/* End XCConfigurationList section */
	};
	rootObject = 39024F2D2E4E11BD00BA3E1D /* Project object */;
}
